
Microsoft Visual Studio Solution File, Format Version 12.00
# Visual Studio 15
VisualStudioVersion = 15.0.28010.0
MinimumVisualStudioVersion = 10.0.40219.1
Project("{FAE04EC0-301F-11D3-BF4B-00C04F79EFBC}") = "InterfaceHomework", "InterfaceHomework\InterfaceHomework.csproj", "{9ECB262B-4C49-47B6-BE1F-423A43BFF2A4}"
EndProject
Global
	GlobalSection(SolutionConfigurationPlatforms) = preSolution
		Debug|Any CPU = Debug|Any CPU
		Release|Any CPU = Release|Any CPU
	EndGlobalSection
	GlobalSection(ProjectConfigurationPlatforms) = postSolution
		{9ECB262B-4C49-47B6-BE1F-423A43BFF2A4}.Debug|Any CPU.ActiveCfg = Debug|Any CPU
		{9ECB262B-4C49-47B6-BE1F-423A43BFF2A4}.Debug|Any CPU.Build.0 = Debug|Any CPU
		{9ECB262B-4C49-47B6-BE1F-423A43BFF2A4}.Release|Any CPU.ActiveCfg = Release|Any CPU
		{9ECB262B-4C49-47B6-BE1F-423A43BFF2A4}.Release|Any CPU.Build.0 = Release|Any CPU
	EndGlobalSection
	GlobalSection(SolutionProperties) = preSolution
		HideSolutionNode = FALSE
	EndGlobalSection
	GlobalSection(ExtensibilityGlobals) = postSolution
		SolutionGuid = {B6B09D6D-D3CE-4A91-A0F5-49126860DA84}
	EndGlobalSection
EndGlobal
